
Microsoft Visual Studio Solution File, Format Version 12.00
# Visual Studio 15
VisualStudioVersion = 15.0.28307.902
MinimumVisualStudioVersion = 10.0.40219.1
Project("{FAE04EC0-301F-11D3-BF4B-00C04F79EFBC}") = "MVC_web", "MVC_web\MVC_web.csproj", "{9E3C8CBD-DA63-4B8B-8488-746EF170E8C1}"
EndProject
Global
	GlobalSection(SolutionConfigurationPlatforms) = preSolution
		Debug|Any CPU = Debug|Any CPU
		Release|Any CPU = Release|Any CPU
	EndGlobalSection
	GlobalSection(ProjectConfigurationPlatforms) = postSolution
		{9E3C8CBD-DA63-4B8B-8488-746EF170E8C1}.Debug|Any CPU.ActiveCfg = Debug|Any CPU
		{9E3C8CBD-DA63-4B8B-8488-746EF170E8C1}.Debug|Any CPU.Build.0 = Debug|Any CPU
		{9E3C8CBD-DA63-4B8B-8488-746EF170E8C1}.Release|Any CPU.ActiveCfg = Release|Any CPU
		{9E3C8CBD-DA63-4B8B-8488-746EF170E8C1}.Release|Any CPU.Build.0 = Release|Any CPU
	EndGlobalSection
	GlobalSection(SolutionProperties) = preSolution
		HideSolutionNode = FALSE
	EndGlobalSection
	GlobalSection(ExtensibilityGlobals) = postSolution
		SolutionGuid = {940136E1-72C6-407C-A9D1-43CF4CCAD11C}
	EndGlobalSection
EndGlobal
